// !$*UTF8*$!
{
	archiveVersion = 1;
	classes = {
	};
	objectVersion = 51;
	objects = {

/* Begin PBXBuildFile section */
		066FD15D26921FCC00734666 /* WeAskApp.swift in Sources */ = {isa = PBXBuildFile; fileRef = 066FD15C26921FCC00734666 /* WeAskApp.swift */; };
		066FD15F26921FCC00734666 /* ContentView.swift in Sources */ = {isa = PBXBuildFile; fileRef = 066FD15E26921FCC00734666 /* ContentView.swift */; };
		066FD16126921FCD00734666 /* Assets.xcassets in Resources */ = {isa = PBXBuildFile; fileRef = 066FD16026921FCD00734666 /* Assets.xcassets */; };
		066FD16426921FCD00734666 /* Preview Assets.xcassets in Resources */ = {isa = PBXBuildFile; fileRef = 066FD16326921FCD00734666 /* Preview Assets.xcassets */; };
		066FD16C2692213400734666 /* GoogleService-Info.plist in Resources */ = {isa = PBXBuildFile; fileRef = 066FD16B2692213400734666 /* GoogleService-Info.plist */; };
		9781D5D38098B6E181BACCB5 /* Pods_WeAsk.framework in Frameworks */ = {isa = PBXBuildFile; fileRef = FD534359A008D6CFE5B63AF7 /* Pods_WeAsk.framework */; };
/* End PBXBuildFile section */

/* Begin PBXFileReference section */
		066FD15926921FCC00734666 /* WeAsk.app */ = {isa = PBXFileReference; explicitFileType = wrapper.application; includeInIndex = 0; path = WeAsk.app; sourceTree = BUILT_PRODUCTS_DIR; };
		066FD15C26921FCC00734666 /* WeAskApp.swift */ = {isa = PBXFileReference; lastKnownFileType = sourcecode.swift; path = WeAskApp.swift; sourceTree = "<group>"; };
		066FD15E26921FCC00734666 /* ContentView.swift */ = {isa = PBXFileReference; lastKnownFileType = sourcecode.swift; path = ContentView.swift; sourceTree = "<group>"; };
		066FD16026921FCD00734666 /* Assets.xcassets */ = {isa = PBXFileReference; lastKnownFileType = folder.assetcatalog; path = Assets.xcassets; sourceTree = "<group>"; };
		066FD16326921FCD00734666 /* Preview Assets.xcassets */ = {isa = PBXFileReference; lastKnownFileType = folder.assetcatalog; path = "Preview Assets.xcassets"; sourceTree = "<group>"; };
		066FD16526921FCD00734666 /* Info.plist */ = {isa = PBXFileReference; lastKnownFileType = text.plist.xml; path = Info.plist; sourceTree = "<group>"; };
		066FD16B2692213400734666 /* GoogleService-Info.plist */ = {isa = PBXFileReference; fileEncoding = 4; lastKnownFileType = text.plist.xml; path = "GoogleService-Info.plist"; sourceTree = "<group>"; };
		25BBD4974C1E856DFEAE8B99 /* Pods-WeAsk.release.xcconfig */ = {isa = PBXFileReference; includeInIndex = 1; lastKnownFileType = text.xcconfig; name = "Pods-WeAsk.release.xcconfig"; path = "Target Support Files/Pods-WeAsk/Pods-WeAsk.release.xcconfig"; sourceTree = "<group>"; };
		D710065CD421C4648311B334 /* Pods-WeAsk.debug.xcconfig */ = {isa = PBXFileReference; includeInIndex = 1; lastKnownFileType = text.xcconfig; name = "Pods-WeAsk.debug.xcconfig"; path = "Target Support Files/Pods-WeAsk/Pods-WeAsk.debug.xcconfig"; sourceTree = "<group>"; };
		FD534359A008D6CFE5B63AF7 /* Pods_WeAsk.framework */ = {isa = PBXFileReference; explicitFileType = wrapper.framework; includeInIndex = 0; path = Pods_WeAsk.framework; sourceTree = BUILT_PRODUCTS_DIR; };
/* End PBXFileReference section */

/* Begin PBXFrameworksBuildPhase section */
		066FD15626921FCC00734666 /* Frameworks */ = {
			isa = PBXFrameworksBuildPhase;
			buildActionMask = 2147483647;
			files = (
				9781D5D38098B6E181BACCB5 /* Pods_WeAsk.framework in Frameworks */,
			);
			runOnlyForDeploymentPostprocessing = 0;
		};
/* End PBXFrameworksBuildPhase section */

/* Begin PBXGroup section */
		066FD15026921FCC00734666 = {
			isa = PBXGroup;
			children = (
				066FD15B26921FCC00734666 /* WeAsk */,
				066FD15A26921FCC00734666 /* Products */,
				E6BD0BC702EB647833F90E74 /* Pods */,
				0DADD060B5088FBB2CFE10CA /* Frameworks */,
			);
			sourceTree = "<group>";
		};
		066FD15A26921FCC00734666 /* Products */ = {
			isa = PBXGroup;
			children = (
				066FD15926921FCC00734666 /* WeAsk.app */,
			);
			name = Products;
			sourceTree = "<group>";
		};
		066FD15B26921FCC00734666 /* WeAsk */ = {
			isa = PBXGroup;
			children = (
				066FD15C26921FCC00734666 /* WeAskApp.swift */,
				066FD15E26921FCC00734666 /* ContentView.swift */,
				066FD16026921FCD00734666 /* Assets.xcassets */,
				066FD16526921FCD00734666 /* Info.plist */,
				066FD16B2692213400734666 /* GoogleService-Info.plist */,
				066FD16226921FCD00734666 /* Preview Content */,
			);
			path = WeAsk;
			sourceTree = "<group>";
		};
		066FD16226921FCD00734666 /* Preview Content */ = {
			isa = PBXGroup;
			children = (
				066FD16326921FCD00734666 /* Preview Assets.xcassets */,
			);
			path = "Preview Content";
			sourceTree = "<group>";
		};
		0DADD060B5088FBB2CFE10CA /* Frameworks */ = {
			isa = PBXGroup;
			children = (
				FD534359A008D6CFE5B63AF7 /* Pods_WeAsk.framework */,
			);
			name = Frameworks;
			sourceTree = "<group>";
		};
		E6BD0BC702EB647833F90E74 /* Pods */ = {
			isa = PBXGroup;
			children = (
				D710065CD421C4648311B334 /* Pods-WeAsk.debug.xcconfig */,
				25BBD4974C1E856DFEAE8B99 /* Pods-WeAsk.release.xcconfig */,
			);
			path = Pods;
			sourceTree = "<group>";
		};
/* End PBXGroup section */

/* Begin PBXNativeTarget section */
		066FD15826921FCC00734666 /* WeAsk */ = {
			isa = PBXNativeTarget;
			buildConfigurationList = 066FD16826921FCD00734666 /* Build configuration list for PBXNativeTarget "WeAsk" */;
			buildPhases = (
				62A6D44C86ADBF32EE4B1374 /* [CP] Check Pods Manifest.lock */,
				066FD15526921FCC00734666 /* Sources */,
				066FD15626921FCC00734666 /* Frameworks */,
				066FD15726921FCC00734666 /* Resources */,
				D75A8FB286BCD23CE2F7C443 /* [CP] Embed Pods Frameworks */,
			);
			buildRules = (
			);
			dependencies = (
			);
			name = WeAsk;
			productName = WeAsk;
			productReference = 066FD15926921FCC00734666 /* WeAsk.app */;
			productType = "com.apple.product-type.application";
		};
/* End PBXNativeTarget section */

/* Begin PBXProject section */
		066FD15126921FCC00734666 /* Project object */ = {
			isa = PBXProject;
			attributes = {
				LastSwiftUpdateCheck = 1250;
				LastUpgradeCheck = 1250;
				TargetAttributes = {
					066FD15826921FCC00734666 = {
						CreatedOnToolsVersion = 12.5;
					};
				};
			};
			buildConfigurationList = 066FD15426921FCC00734666 /* Build configuration list for PBXProject "WeAsk" */;
			compatibilityVersion = "Xcode 9.3";
			developmentRegion = en;
			hasScannedForEncodings = 0;
			knownRegions = (
				en,
				Base,
			);
			mainGroup = 066FD15026921FCC00734666;
			productRefGroup = 066FD15A26921FCC00734666 /* Products */;
			projectDirPath = "";
			projectRoot = "";
			targets = (
				066FD15826921FCC00734666 /* WeAsk */,
			);
		};
/* End PBXProject section */

/* Begin PBXResourcesBuildPhase section */
		066FD15726921FCC00734666 /* Resources */ = {
			isa = PBXResourcesBuildPhase;
			buildActionMask = 2147483647;
			files = (
				066FD16426921FCD00734666 /* Preview Assets.xcassets in Resources */,
				066FD16126921FCD00734666 /* Assets.xcassets in Resources */,
				066FD16C2692213400734666 /* GoogleService-Info.plist in Resources */,
			);
			runOnlyForDeploymentPostprocessing = 0;
		};
/* End PBXResourcesBuildPhase section */

/* Begin PBXShellScriptBuildPhase section */
		62A6D44C86ADBF32EE4B1374 /* [CP] Check Pods Manifest.lock */ = {
			isa = PBXShellScriptBuildPhase;
			buildActionMask = 2147483647;
			files = (
			);
			inputFileListPaths = (
			);
			inputPaths = (
				"${PODS_PODFILE_DIR_PATH}/Podfile.lock",
				"${PODS_ROOT}/Manifest.lock",
			);
			name = "[CP] Check Pods Manifest.lock";
			outputFileListPaths = (
			);
			outputPaths = (
				"$(DERIVED_FILE_DIR)/Pods-WeAsk-checkManifestLockResult.txt",
			);
			runOnlyForDeploymentPostprocessing = 0;
			shellPath = /bin/sh;
			shellScript = "diff \"${PODS_PODFILE_DIR_PATH}/Podfile.lock\" \"${PODS_ROOT}/Manifest.lock\" > /dev/null\nif [ $? != 0 ] ; then\n    # print error to STDERR\n    echo \"error: The sandbox is not in sync with the Podfile.lock. Run 'pod install' or update your CocoaPods installation.\" >&2\n    exit 1\nfi\n# This output is used by Xcode 'outputs' to avoid re-running this script phase.\necho \"SUCCESS\" > \"${SCRIPT_OUTPUT_FILE_0}\"\n";
			showEnvVarsInLog = 0;
		};
		D75A8FB286BCD23CE2F7C443 /* [CP] Embed Pods Frameworks */ = {
			isa = PBXShellScriptBuildPhase;
			buildActionMask = 2147483647;
			files = (
			);
			inputFileListPaths = (
				"${PODS_ROOT}/Target Support Files/Pods-WeAsk/Pods-WeAsk-frameworks-${CONFIGURATION}-input-files.xcfilelist",
			);
			name = "[CP] Embed Pods Frameworks";
			outputFileListPaths = (
				"${PODS_ROOT}/Target Support Files/Pods-WeAsk/Pods-WeAsk-frameworks-${CONFIGURATION}-output-files.xcfilelist",
			);
			runOnlyForDeploymentPostprocessing = 0;
			shellPath = /bin/sh;
			shellScript = "\"${PODS_ROOT}/Target Support Files/Pods-WeAsk/Pods-WeAsk-frameworks.sh\"\n";
			showEnvVarsInLog = 0;
		};
/* End PBXShellScriptBuildPhase section */

/* Begin PBXSourcesBuildPhase section */
		066FD15526921FCC00734666 /* Sources */ = {
			isa = PBXSourcesBuildPhase;
			buildActionMask = 2147483647;
			files = (
				066FD15F26921FCC00734666 /* ContentView.swift in Sources */,
				066FD15D26921FCC00734666 /* WeAskApp.swift in Sources */,
			);
			runOnlyForDeploymentPostprocessing = 0;
		};
/* End PBXSourcesBuildPhase section */

/* Begin XCBuildConfiguration section */
		066FD16626921FCD00734666 /* Debug */ = {
			isa = XCBuildConfiguration;
			buildSettings = {
				ALWAYS_SEARCH_USER_PATHS = NO;
				CLANG_ANALYZER_NONNULL = YES;
				CLANG_ANALYZER_NUMBER_OBJECT_CONVERSION = YES_AGGRESSIVE;
				CLANG_CXX_LANGUAGE_STANDARD = "gnu++14";
				CLANG_CXX_LIBRARY = "libc++";
				CLANG_ENABLE_MODULES = YES;
				CLANG_ENABLE_OBJC_ARC = YES;
				CLANG_ENABLE_OBJC_WEAK = YES;
				CLANG_WARN_BLOCK_CAPTURE_AUTORELEASING = YES;
				CLANG_WARN_BOOL_CONVERSION = YES;
				CLANG_WARN_COMMA = YES;
				CLANG_WARN_CONSTANT_CONVERSION = YES;
				CLANG_WARN_DEPRECATED_OBJC_IMPLEMENTATIONS = YES;
				CLANG_WARN_DIRECT_OBJC_ISA_USAGE = YES_ERROR;
				CLANG_WARN_DOCUMENTATION_COMMENTS = YES;
				CLANG_WARN_EMPTY_BODY = YES;
				CLANG_WARN_ENUM_CONVERSION = YES;
				CLANG_WARN_INFINITE_RECURSION = YES;
				CLANG_WARN_INT_CONVERSION = YES;
				CLANG_WARN_NON_LITERAL_NULL_CONVERSION = YES;
				CLANG_WARN_OBJC_IMPLICIT_RETAIN_SELF = YES;
				CLANG_WARN_OBJC_LITERAL_CONVERSION = YES;
				CLANG_WARN_OBJC_ROOT_CLASS = YES_ERROR;
				CLANG_WARN_QUOTED_INCLUDE_IN_FRAMEWORK_HEADER = YES;
				CLANG_WARN_RANGE_LOOP_ANALYSIS = YES;
				CLANG_WARN_STRICT_PROTOTYPES = YES;
				CLANG_WARN_SUSPICIOUS_MOVE = YES;
				CLANG_WARN_UNGUARDED_AVAILABILITY = YES_AGGRESSIVE;
				CLANG_WARN_UNREACHABLE_CODE = YES;
				CLANG_WARN__DUPLICATE_METHOD_MATCH = YES;
				COPY_PHASE_STRIP = NO;
				DEBUG_INFORMATION_FORMAT = dwarf;
				ENABLE_STRICT_OBJC_MSGSEND = YES;
				ENABLE_TESTABILITY = YES;
				GCC_C_LANGUAGE_STANDARD = gnu11;
				GCC_DYNAMIC_NO_PIC = NO;
				GCC_NO_COMMON_BLOCKS = YES;
				GCC_OPTIMIZATION_LEVEL = 0;
				GCC_PREPROCESSOR_DEFINITIONS = (
					"DEBUG=1",
					"$(inherited)",
				);
				GCC_WARN_64_TO_32_BIT_CONVERSION = YES;
				GCC_WARN_ABOUT_RETURN_TYPE = YES_ERROR;
				GCC_WARN_UNDECLARED_SELECTOR = YES;
				GCC_WARN_UNINITIALIZED_AUTOS = YES_AGGRESSIVE;
				GCC_WARN_UNUSED_FUNCTION = YES;
				GCC_WARN_UNUSED_VARIABLE = YES;
				IPHONEOS_DEPLOYMENT_TARGET = 14.5;
				MTL_ENABLE_DEBUG_INFO = INCLUDE_SOURCE;
				MTL_FAST_MATH = YES;
				ONLY_ACTIVE_ARCH = YES;
				SDKROOT = iphoneos;
				SWIFT_ACTIVE_COMPILATION_CONDITIONS = DEBUG;
				SWIFT_OPTIMIZATION_LEVEL = "-Onone";
			};
			name = Debug;
		};
		066FD16726921FCD00734666 /* Release */ = {
			isa = XCBuildConfiguration;
			buildSettings = {
				ALWAYS_SEARCH_USER_PATHS = NO;
				CLANG_ANALYZER_NONNULL = YES;
				CLANG_ANALYZER_NUMBER_OBJECT_CONVERSION = YES_AGGRESSIVE;
				CLANG_CXX_LANGUAGE_STANDARD = "gnu++14";
				CLANG_CXX_LIBRARY = "libc++";
				CLANG_ENABLE_MODULES = YES;
				CLANG_ENABLE_OBJC_ARC = YES;
				CLANG_ENABLE_OBJC_WEAK = YES;
				CLANG_WARN_BLOCK_CAPTURE_AUTORELEASING = YES;
				CLANG_WARN_BOOL_CONVERSION = YES;
				CLANG_WARN_COMMA = YES;
				CLANG_WARN_CONSTANT_CONVERSION = YES;
				CLANG_WARN_DEPRECATED_OBJC_IMPLEMENTATIONS = YES;
				CLANG_WARN_DIRECT_OBJC_ISA_USAGE = YES_ERROR;
				CLANG_WARN_DOCUMENTATION_COMMENTS = YES;
				CLANG_WARN_EMPTY_BODY = YES;
				CLANG_WARN_ENUM_CONVERSION = YES;
				CLANG_WARN_INFINITE_RECURSION = YES;
				CLANG_WARN_INT_CONVERSION = YES;
				CLANG_WARN_NON_LITERAL_NULL_CONVERSION = YES;
				CLANG_WARN_OBJC_IMPLICIT_RETAIN_SELF = YES;
				CLANG_WARN_OBJC_LITERAL_CONVERSION = YES;
				CLANG_WARN_OBJC_ROOT_CLASS = YES_ERROR;
				CLANG_WARN_QUOTED_INCLUDE_IN_FRAMEWORK_HEADER = YES;
				CLANG_WARN_RANGE_LOOP_ANALYSIS = YES;
				CLANG_WARN_STRICT_PROTOTYPES = YES;
				CLANG_WARN_SUSPICIOUS_MOVE = YES;
				CLANG_WARN_UNGUARDED_AVAILABILITY = YES_AGGRESSIVE;
				CLANG_WARN_UNREACHABLE_CODE = YES;
				CLANG_WARN__DUPLICATE_METHOD_MATCH = YES;
				COPY_PHASE_STRIP = NO;
				DEBUG_INFORMATION_FORMAT = "dwarf-with-dsym";
				ENABLE_NS_ASSERTIONS = NO;
				ENABLE_STRICT_OBJC_MSGSEND = YES;
				GCC_C_LANGUAGE_STANDARD = gnu11;
				GCC_NO_COMMON_BLOCKS = YES;
				GCC_WARN_64_TO_32_BIT_CONVERSION = YES;
				GCC_WARN_ABOUT_RETURN_TYPE = YES_ERROR;
				GCC_WARN_UNDECLARED_SELECTOR = YES;
				GCC_WARN_UNINITIALIZED_AUTOS = YES_AGGRESSIVE;
				GCC_WARN_UNUSED_FUNCTION = YES;
				GCC_WARN_UNUSED_VARIABLE = YES;
				IPHONEOS_DEPLOYMENT_TARGET = 14.5;
				MTL_ENABLE_DEBUG_INFO = NO;
				MTL_FAST_MATH = YES;
				SDKROOT = iphoneos;
				SWIFT_COMPILATION_MODE = wholemodule;
				SWIFT_OPTIMIZATION_LEVEL = "-O";
				VALIDATE_PRODUCT = YES;
			};
			name = Release;
		};
		066FD16926921FCD00734666 /* Debug */ = {
			isa = XCBuildConfiguration;
			baseConfigurationReference = D710065CD421C4648311B334 /* Pods-WeAsk.debug.xcconfig */;
			buildSettings = {
				ASSETCATALOG_COMPILER_APPICON_NAME = AppIcon;
				ASSETCATALOG_COMPILER_GLOBAL_ACCENT_COLOR_NAME = AccentColor;
				CODE_SIGN_STYLE = Automatic;
				DEVELOPMENT_ASSET_PATHS = "\"WeAsk/Preview Content\"";
				DEVELOPMENT_TEAM = VAK6JJ2Z45;
				ENABLE_PREVIEWS = YES;
				INFOPLIST_FILE = WeAsk/Info.plist;
				IPHONEOS_DEPLOYMENT_TARGET = 14.0;
				LD_RUNPATH_SEARCH_PATHS = (
					"$(inherited)",
					"@executable_path/Frameworks",
				);
				PRODUCT_BUNDLE_IDENTIFIER = bohirjon.WeAsk;
				PRODUCT_NAME = "$(TARGET_NAME)";
				SWIFT_VERSION = 5.0;
				TARGETED_DEVICE_FAMILY = "1,2";
			};
			name = Debug;
		};
		066FD16A26921FCD00734666 /* Release */ = {
			isa = XCBuildConfiguration;
			baseConfigurationReference = 25BBD4974C1E856DFEAE8B99 /* Pods-WeAsk.release.xcconfig */;
			buildSettings = {
				ASSETCATALOG_COMPILER_APPICON_NAME = AppIcon;
				ASSETCATALOG_COMPILER_GLOBAL_ACCENT_COLOR_NAME = AccentColor;
				CODE_SIGN_STYLE = Automatic;
				DEVELOPMENT_ASSET_PATHS = "\"WeAsk/Preview Content\"";
				DEVELOPMENT_TEAM = VAK6JJ2Z45;
				ENABLE_PREVIEWS = YES;
				INFOPLIST_FILE = WeAsk/Info.plist;
				IPHONEOS_DEPLOYMENT_TARGET = 14.0;
				LD_RUNPATH_SEARCH_PATHS = (
					"$(inherited)",
					"@executable_path/Frameworks",
				);
				PRODUCT_BUNDLE_IDENTIFIER = bohirjon.WeAsk;
				PRODUCT_NAME = "$(TARGET_NAME)";
				SWIFT_VERSION = 5.0;
				TARGETED_DEVICE_FAMILY = "1,2";
			};
			name = Release;
		};
/* End XCBuildConfiguration section */

/* Begin XCConfigurationList section */
		066FD15426921FCC00734666 /* Build configuration list for PBXProject "WeAsk" */ = {
			isa = XCConfigurationList;
			buildConfigurations = (
				066FD16626921FCD00734666 /* Debug */,
				066FD16726921FCD00734666 /* Release */,
			);
			defaultConfigurationIsVisible = 0;
			defaultConfigurationName = Release;
		};
		066FD16826921FCD00734666 /* Build configuration list for PBXNativeTarget "WeAsk" */ = {
			isa = XCConfigurationList;
			buildConfigurations = (
				066FD16926921FCD00734666 /* Debug */,
				066FD16A26921FCD00734666 /* Release */,
			);
			defaultConfigurationIsVisible = 0;
			defaultConfigurationName = Release;
		};
/* End XCConfigurationList section */
	};
	rootObject = 066FD15126921FCC00734666 /* Project object */;
}
